
Microsoft Visual Studio Solution File, Format Version 12.00
# Visual Studio Version 16
VisualStudioVersion = 16.0.30128.74
MinimumVisualStudioVersion = 10.0.40219.1
Project("{FAE04EC0-301F-11D3-BF4B-00C04F79EFBC}") = "SodaMachine", "SodaMachine\SodaMachine.csproj", "{84AF70D5-9F8D-40E7-B6E3-88783397764F}"
EndProject
Global
	GlobalSection(SolutionConfigurationPlatforms) = preSolution
		Debug|Any CPU = Debug|Any CPU
		Release|Any CPU = Release|Any CPU
	EndGlobalSection
	GlobalSection(ProjectConfigurationPlatforms) = postSolution
		{84AF70D5-9F8D-40E7-B6E3-88783397764F}.Debug|Any CPU.ActiveCfg = Debug|Any CPU
		{84AF70D5-9F8D-40E7-B6E3-88783397764F}.Debug|Any CPU.Build.0 = Debug|Any CPU
		{84AF70D5-9F8D-40E7-B6E3-88783397764F}.Release|Any CPU.ActiveCfg = Release|Any CPU
		{84AF70D5-9F8D-40E7-B6E3-88783397764F}.Release|Any CPU.Build.0 = Release|Any CPU
	EndGlobalSection
	GlobalSection(SolutionProperties) = preSolution
		HideSolutionNode = FALSE
	EndGlobalSection
	GlobalSection(ExtensibilityGlobals) = postSolution
		SolutionGuid = {E0612EC6-0F34-450A-B333-D6E04E0F0437}
	EndGlobalSection
EndGlobal
